
Microsoft Visual Studio Solution File, Format Version 12.00
# Visual Studio Version 16
VisualStudioVersion = 16.0.32002.261
MinimumVisualStudioVersion = 10.0.40219.1
Project("{FAE04EC0-301F-11D3-BF4B-00C04F79EFBC}") = "denis8", "denis8\denis8.csproj", "{30776872-1AB5-4791-A667-53DCCF1D226F}"
EndProject
Global
	GlobalSection(SolutionConfigurationPlatforms) = preSolution
		Debug|Any CPU = Debug|Any CPU
		Release|Any CPU = Release|Any CPU
	EndGlobalSection
	GlobalSection(ProjectConfigurationPlatforms) = postSolution
		{30776872-1AB5-4791-A667-53DCCF1D226F}.Debug|Any CPU.ActiveCfg = Debug|Any CPU
		{30776872-1AB5-4791-A667-53DCCF1D226F}.Debug|Any CPU.Build.0 = Debug|Any CPU
		{30776872-1AB5-4791-A667-53DCCF1D226F}.Release|Any CPU.ActiveCfg = Release|Any CPU
		{30776872-1AB5-4791-A667-53DCCF1D226F}.Release|Any CPU.Build.0 = Release|Any CPU
	EndGlobalSection
	GlobalSection(SolutionProperties) = preSolution
		HideSolutionNode = FALSE
	EndGlobalSection
	GlobalSection(ExtensibilityGlobals) = postSolution
		SolutionGuid = {E8EABF97-0DF2-47C9-AF19-3C28F535B39D}
	EndGlobalSection
EndGlobal
